
Microsoft Visual Studio Solution File, Format Version 12.00
# Visual Studio 15
VisualStudioVersion = 15.0.28307.168
MinimumVisualStudioVersion = 10.0.40219.1
Project("{FAE04EC0-301F-11D3-BF4B-00C04F79EFBC}") = "CoCurrency.Android", "CoCurrency\CoCurrency.Android\CoCurrency.Android.csproj", "{291F986B-B8C7-40BB-A540-D9A730BB0FB1}"
EndProject
Project("{FAE04EC0-301F-11D3-BF4B-00C04F79EFBC}") = "CoCurrency.iOS", "CoCurrency\CoCurrency.iOS\CoCurrency.iOS.csproj", "{6C895A11-E798-4635-B868-FBF2F0A566FB}"
EndProject
Project("{FAE04EC0-301F-11D3-BF4B-00C04F79EFBC}") = "CoCurrency", "CoCurrency\CoCurrency\CoCurrency.csproj", "{58E7B152-95A6-44C4-9697-A8547D1CF5DB}"
EndProject
Global
	GlobalSection(SolutionConfigurationPlatforms) = preSolution
		Ad-Hoc|Any CPU = Ad-Hoc|Any CPU
		Ad-Hoc|iPhone = Ad-Hoc|iPhone
		Ad-Hoc|iPhoneSimulator = Ad-Hoc|iPhoneSimulator
		AppStore|Any CPU = AppStore|Any CPU
		AppStore|iPhone = AppStore|iPhone
		AppStore|iPhoneSimulator = AppStore|iPhoneSimulator
		Debug|Any CPU = Debug|Any CPU
		Debug|iPhone = Debug|iPhone
		Debug|iPhoneSimulator = Debug|iPhoneSimulator
		Release|Any CPU = Release|Any CPU
		Release|iPhone = Release|iPhone
		Release|iPhoneSimulator = Release|iPhoneSimulator
	EndGlobalSection
	GlobalSection(ProjectConfigurationPlatforms) = postSolution
		{291F986B-B8C7-40BB-A540-D9A730BB0FB1}.Ad-Hoc|Any CPU.ActiveCfg = Release|Any CPU
		{291F986B-B8C7-40BB-A540-D9A730BB0FB1}.Ad-Hoc|Any CPU.Build.0 = Release|Any CPU
		{291F986B-B8C7-40BB-A540-D9A730BB0FB1}.Ad-Hoc|Any CPU.Deploy.0 = Release|Any CPU
		{291F986B-B8C7-40BB-A540-D9A730BB0FB1}.Ad-Hoc|iPhone.ActiveCfg = Release|Any CPU
		{291F986B-B8C7-40BB-A540-D9A730BB0FB1}.Ad-Hoc|iPhone.Build.0 = Release|Any CPU
		{291F986B-B8C7-40BB-A540-D9A730BB0FB1}.Ad-Hoc|iPhone.Deploy.0 = Release|Any CPU
		{291F986B-B8C7-40BB-A540-D9A730BB0FB1}.Ad-Hoc|iPhoneSimulator.ActiveCfg = Release|Any CPU
		{291F986B-B8C7-40BB-A540-D9A730BB0FB1}.Ad-Hoc|iPhoneSimulator.Build.0 = Release|Any CPU
		{291F986B-B8C7-40BB-A540-D9A730BB0FB1}.Ad-Hoc|iPhoneSimulator.Deploy.0 = Release|Any CPU
		{291F986B-B8C7-40BB-A540-D9A730BB0FB1}.AppStore|Any CPU.ActiveCfg = Release|Any CPU
		{291F986B-B8C7-40BB-A540-D9A730BB0FB1}.AppStore|Any CPU.Build.0 = Release|Any CPU
		{291F986B-B8C7-40BB-A540-D9A730BB0FB1}.AppStore|Any CPU.Deploy.0 = Release|Any CPU
		{291F986B-B8C7-40BB-A540-D9A730BB0FB1}.AppStore|iPhone.ActiveCfg = Release|Any CPU
		{291F986B-B8C7-40BB-A540-D9A730BB0FB1}.AppStore|iPhone.Build.0 = Release|Any CPU
		{291F986B-B8C7-40BB-A540-D9A730BB0FB1}.AppStore|iPhone.Deploy.0 = Release|Any CPU
		{291F986B-B8C7-40BB-A540-D9A730BB0FB1}.AppStore|iPhoneSimulator.ActiveCfg = Release|Any CPU
		{291F986B-B8C7-40BB-A540-D9A730BB0FB1}.AppStore|iPhoneSimulator.Build.0 = Release|Any CPU
		{291F986B-B8C7-40BB-A540-D9A730BB0FB1}.AppStore|iPhoneSimulator.Deploy.0 = Release|Any CPU
		{291F986B-B8C7-40BB-A540-D9A730BB0FB1}.Debug|Any CPU.ActiveCfg = Debug|Any CPU
		{291F986B-B8C7-40BB-A540-D9A730BB0FB1}.Debug|Any CPU.Build.0 = Debug|Any CPU
		{291F986B-B8C7-40BB-A540-D9A730BB0FB1}.Debug|Any CPU.Deploy.0 = Debug|Any CPU
		{291F986B-B8C7-40BB-A540-D9A730BB0FB1}.Debug|iPhone.ActiveCfg = Debug|Any CPU
		{291F986B-B8C7-40BB-A540-D9A730BB0FB1}.Debug|iPhone.Build.0 = Debug|Any CPU
		{291F986B-B8C7-40BB-A540-D9A730BB0FB1}.Debug|iPhone.Deploy.0 = Debug|Any CPU
		{291F986B-B8C7-40BB-A540-D9A730BB0FB1}.Debug|iPhoneSimulator.ActiveCfg = Debug|Any CPU
		{291F986B-B8C7-40BB-A540-D9A730BB0FB1}.Debug|iPhoneSimulator.Build.0 = Debug|Any CPU
		{291F986B-B8C7-40BB-A540-D9A730BB0FB1}.Debug|iPhoneSimulator.Deploy.0 = Debug|Any CPU
		{291F986B-B8C7-40BB-A540-D9A730BB0FB1}.Release|Any CPU.ActiveCfg = Release|Any CPU
		{291F986B-B8C7-40BB-A540-D9A730BB0FB1}.Release|Any CPU.Build.0 = Release|Any CPU
		{291F986B-B8C7-40BB-A540-D9A730BB0FB1}.Release|Any CPU.Deploy.0 = Release|Any CPU
		{291F986B-B8C7-40BB-A540-D9A730BB0FB1}.Release|iPhone.ActiveCfg = Release|Any CPU
		{291F986B-B8C7-40BB-A540-D9A730BB0FB1}.Release|iPhone.Build.0 = Release|Any CPU
		{291F986B-B8C7-40BB-A540-D9A730BB0FB1}.Release|iPhone.Deploy.0 = Release|Any CPU
		{291F986B-B8C7-40BB-A540-D9A730BB0FB1}.Release|iPhoneSimulator.ActiveCfg = Release|Any CPU
		{291F986B-B8C7-40BB-A540-D9A730BB0FB1}.Release|iPhoneSimulator.Build.0 = Release|Any CPU
		{291F986B-B8C7-40BB-A540-D9A730BB0FB1}.Release|iPhoneSimulator.Deploy.0 = Release|Any CPU
		{6C895A11-E798-4635-B868-FBF2F0A566FB}.Ad-Hoc|Any CPU.ActiveCfg = Ad-Hoc|iPhone
		{6C895A11-E798-4635-B868-FBF2F0A566FB}.Ad-Hoc|Any CPU.Build.0 = Ad-Hoc|iPhone
		{6C895A11-E798-4635-B868-FBF2F0A566FB}.Ad-Hoc|Any CPU.Deploy.0 = Ad-Hoc|iPhone
		{6C895A11-E798-4635-B868-FBF2F0A566FB}.Ad-Hoc|iPhone.ActiveCfg = Ad-Hoc|iPhone
		{6C895A11-E798-4635-B868-FBF2F0A566FB}.Ad-Hoc|iPhone.Build.0 = Ad-Hoc|iPhone
		{6C895A11-E798-4635-B868-FBF2F0A566FB}.Ad-Hoc|iPhone.Deploy.0 = Ad-Hoc|iPhone
		{6C895A11-E798-4635-B868-FBF2F0A566FB}.Ad-Hoc|iPhoneSimulator.ActiveCfg = Ad-Hoc|iPhoneSimulator
		{6C895A11-E798-4635-B868-FBF2F0A566FB}.Ad-Hoc|iPhoneSimulator.Build.0 = Ad-Hoc|iPhoneSimulator
		{6C895A11-E798-4635-B868-FBF2F0A566FB}.Ad-Hoc|iPhoneSimulator.Deploy.0 = Ad-Hoc|iPhoneSimulator
		{6C895A11-E798-4635-B868-FBF2F0A566FB}.AppStore|Any CPU.ActiveCfg = AppStore|iPhone
		{6C895A11-E798-4635-B868-FBF2F0A566FB}.AppStore|Any CPU.Build.0 = AppStore|iPhone
		{6C895A11-E798-4635-B868-FBF2F0A566FB}.AppStore|Any CPU.Deploy.0 = AppStore|iPhone
		{6C895A11-E798-4635-B868-FBF2F0A566FB}.AppStore|iPhone.ActiveCfg = AppStore|iPhone
		{6C895A11-E798-4635-B868-FBF2F0A566FB}.AppStore|iPhone.Build.0 = AppStore|iPhone
		{6C895A11-E798-4635-B868-FBF2F0A566FB}.AppStore|iPhone.Deploy.0 = AppStore|iPhone
		{6C895A11-E798-4635-B868-FBF2F0A566FB}.AppStore|iPhoneSimulator.ActiveCfg = AppStore|iPhoneSimulator
		{6C895A11-E798-4635-B868-FBF2F0A566FB}.AppStore|iPhoneSimulator.Build.0 = AppStore|iPhoneSimulator
		{6C895A11-E798-4635-B868-FBF2F0A566FB}.AppStore|iPhoneSimulator.Deploy.0 = AppStore|iPhoneSimulator
		{6C895A11-E798-4635-B868-FBF2F0A566FB}.Debug|Any CPU.ActiveCfg = Debug|iPhoneSimulator
		{6C895A11-E798-4635-B868-FBF2F0A566FB}.Debug|Any CPU.Build.0 = Debug|iPhoneSimulator
		{6C895A11-E798-4635-B868-FBF2F0A566FB}.Debug|Any CPU.Deploy.0 = Debug|iPhoneSimulator
		{6C895A11-E798-4635-B868-FBF2F0A566FB}.Debug|iPhone.ActiveCfg = Debug|iPhone
		{6C895A11-E798-4635-B868-FBF2F0A566FB}.Debug|iPhone.Build.0 = Debug|iPhone
		{6C895A11-E798-4635-B868-FBF2F0A566FB}.Debug|iPhone.Deploy.0 = Debug|iPhone
		{6C895A11-E798-4635-B868-FBF2F0A566FB}.Debug|iPhoneSimulator.ActiveCfg = Debug|iPhoneSimulator
		{6C895A11-E798-4635-B868-FBF2F0A566FB}.Debug|iPhoneSimulator.Build.0 = Debug|iPhoneSimulator
		{6C895A11-E798-4635-B868-FBF2F0A566FB}.Debug|iPhoneSimulator.Deploy.0 = Debug|iPhoneSimulator
		{6C895A11-E798-4635-B868-FBF2F0A566FB}.Release|Any CPU.ActiveCfg = Release|iPhone
		{6C895A11-E798-4635-B868-FBF2F0A566FB}.Release|Any CPU.Build.0 = Release|iPhone
		{6C895A11-E798-4635-B868-FBF2F0A566FB}.Release|Any CPU.Deploy.0 = Release|iPhone
		{6C895A11-E798-4635-B868-FBF2F0A566FB}.Release|iPhone.ActiveCfg = Release|iPhone
		{6C895A11-E798-4635-B868-FBF2F0A566FB}.Release|iPhone.Build.0 = Release|iPhone
		{6C895A11-E798-4635-B868-FBF2F0A566FB}.Release|iPhone.Deploy.0 = Release|iPhone
		{6C895A11-E798-4635-B868-FBF2F0A566FB}.Release|iPhoneSimulator.ActiveCfg = Release|iPhoneSimulator
		{6C895A11-E798-4635-B868-FBF2F0A566FB}.Release|iPhoneSimulator.Build.0 = Release|iPhoneSimulator
		{6C895A11-E798-4635-B868-FBF2F0A566FB}.Release|iPhoneSimulator.Deploy.0 = Release|iPhoneSimulator
		{58E7B152-95A6-44C4-9697-A8547D1CF5DB}.Ad-Hoc|Any CPU.ActiveCfg = Debug|Any CPU
		{58E7B152-95A6-44C4-9697-A8547D1CF5DB}.Ad-Hoc|Any CPU.Build.0 = Debug|Any CPU
		{58E7B152-95A6-44C4-9697-A8547D1CF5DB}.Ad-Hoc|Any CPU.Deploy.0 = Debug|Any CPU
		{58E7B152-95A6-44C4-9697-A8547D1CF5DB}.Ad-Hoc|iPhone.ActiveCfg = Debug|Any CPU
		{58E7B152-95A6-44C4-9697-A8547D1CF5DB}.Ad-Hoc|iPhone.Build.0 = Debug|Any CPU
		{58E7B152-95A6-44C4-9697-A8547D1CF5DB}.Ad-Hoc|iPhone.Deploy.0 = Debug|Any CPU
		{58E7B152-95A6-44C4-9697-A8547D1CF5DB}.Ad-Hoc|iPhoneSimulator.ActiveCfg = Debug|Any CPU
		{58E7B152-95A6-44C4-9697-A8547D1CF5DB}.Ad-Hoc|iPhoneSimulator.Build.0 = Debug|Any CPU
		{58E7B152-95A6-44C4-9697-A8547D1CF5DB}.Ad-Hoc|iPhoneSimulator.Deploy.0 = Debug|Any CPU
		{58E7B152-95A6-44C4-9697-A8547D1CF5DB}.AppStore|Any CPU.ActiveCfg = Debug|Any CPU
		{58E7B152-95A6-44C4-9697-A8547D1CF5DB}.AppStore|Any CPU.Build.0 = Debug|Any CPU
		{58E7B152-95A6-44C4-9697-A8547D1CF5DB}.AppStore|Any CPU.Deploy.0 = Debug|Any CPU
		{58E7B152-95A6-44C4-9697-A8547D1CF5DB}.AppStore|iPhone.ActiveCfg = Debug|Any CPU
		{58E7B152-95A6-44C4-9697-A8547D1CF5DB}.AppStore|iPhone.Build.0 = Debug|Any CPU
		{58E7B152-95A6-44C4-9697-A8547D1CF5DB}.AppStore|iPhone.Deploy.0 = Debug|Any CPU
		{58E7B152-95A6-44C4-9697-A8547D1CF5DB}.AppStore|iPhoneSimulator.ActiveCfg = Debug|Any CPU
		{58E7B152-95A6-44C4-9697-A8547D1CF5DB}.AppStore|iPhoneSimulator.Build.0 = Debug|Any CPU
		{58E7B152-95A6-44C4-9697-A8547D1CF5DB}.AppStore|iPhoneSimulator.Deploy.0 = Debug|Any CPU
		{58E7B152-95A6-44C4-9697-A8547D1CF5DB}.Debug|Any CPU.ActiveCfg = Debug|Any CPU
		{58E7B152-95A6-44C4-9697-A8547D1CF5DB}.Debug|Any CPU.Build.0 = Debug|Any CPU
		{58E7B152-95A6-44C4-9697-A8547D1CF5DB}.Debug|Any CPU.Deploy.0 = Debug|Any CPU
		{58E7B152-95A6-44C4-9697-A8547D1CF5DB}.Debug|iPhone.ActiveCfg = Debug|Any CPU
		{58E7B152-95A6-44C4-9697-A8547D1CF5DB}.Debug|iPhone.Build.0 = Debug|Any CPU
		{58E7B152-95A6-44C4-9697-A8547D1CF5DB}.Debug|iPhone.Deploy.0 = Debug|Any CPU
		{58E7B152-95A6-44C4-9697-A8547D1CF5DB}.Debug|iPhoneSimulator.ActiveCfg = Debug|Any CPU
		{58E7B152-95A6-44C4-9697-A8547D1CF5DB}.Debug|iPhoneSimulator.Build.0 = Debug|Any CPU
		{58E7B152-95A6-44C4-9697-A8547D1CF5DB}.Debug|iPhoneSimulator.Deploy.0 = Debug|Any CPU
		{58E7B152-95A6-44C4-9697-A8547D1CF5DB}.Release|Any CPU.ActiveCfg = Release|Any CPU
		{58E7B152-95A6-44C4-9697-A8547D1CF5DB}.Release|Any CPU.Build.0 = Release|Any CPU
		{58E7B152-95A6-44C4-9697-A8547D1CF5DB}.Release|Any CPU.Deploy.0 = Release|Any CPU
		{58E7B152-95A6-44C4-9697-A8547D1CF5DB}.Release|iPhone.ActiveCfg = Release|Any CPU
		{58E7B152-95A6-44C4-9697-A8547D1CF5DB}.Release|iPhone.Build.0 = Release|Any CPU
		{58E7B152-95A6-44C4-9697-A8547D1CF5DB}.Release|iPhone.Deploy.0 = Release|Any CPU
		{58E7B152-95A6-44C4-9697-A8547D1CF5DB}.Release|iPhoneSimulator.ActiveCfg = Release|Any CPU
		{58E7B152-95A6-44C4-9697-A8547D1CF5DB}.Release|iPhoneSimulator.Build.0 = Release|Any CPU
		{58E7B152-95A6-44C4-9697-A8547D1CF5DB}.Release|iPhoneSimulator.Deploy.0 = Release|Any CPU
	EndGlobalSection
	GlobalSection(SolutionProperties) = preSolution
		HideSolutionNode = FALSE
	EndGlobalSection
	GlobalSection(ExtensibilityGlobals) = postSolution
		SolutionGuid = {7AD1D1F6-B8EF-4C7D-B493-3D778CE56B55}
	EndGlobalSection
EndGlobal
